
Microsoft Visual Studio Solution File, Format Version 12.00
# Visual Studio Version 17
VisualStudioVersion = 17.14.37012.4 d17.14
MinimumVisualStudioVersion = 10.0.40219.1
Project("{FAE04EC0-301F-11D3-BF4B-00C04F79EFBC}") = "lab1.2.2", "lab1.2.2\lab1.2.2.csproj", "{949DAD4B-FCC7-4474-9F9B-035AC17FFBA8}"
EndProject
Global
	GlobalSection(SolutionConfigurationPlatforms) = preSolution
		Debug|Any CPU = Debug|Any CPU
		Release|Any CPU = Release|Any CPU
	EndGlobalSection
	GlobalSection(ProjectConfigurationPlatforms) = postSolution
		{949DAD4B-FCC7-4474-9F9B-035AC17FFBA8}.Debug|Any CPU.ActiveCfg = Debug|Any CPU
		{949DAD4B-FCC7-4474-9F9B-035AC17FFBA8}.Debug|Any CPU.Build.0 = Debug|Any CPU
		{949DAD4B-FCC7-4474-9F9B-035AC17FFBA8}.Release|Any CPU.ActiveCfg = Release|Any CPU
		{949DAD4B-FCC7-4474-9F9B-035AC17FFBA8}.Release|Any CPU.Build.0 = Release|Any CPU
	EndGlobalSection
	GlobalSection(SolutionProperties) = preSolution
		HideSolutionNode = FALSE
	EndGlobalSection
	GlobalSection(ExtensibilityGlobals) = postSolution
		SolutionGuid = {2C292B81-33DC-404D-B4ED-CC2840BA88A5}
	EndGlobalSection
EndGlobal
